{
  "version": 4,
  "terraform_version": "0.12.28",
  "serial": 19,
  "lineage": "f8f0dd29-9542-b9d5-f4c9-28bdcbf5e1e4",
  "outputs": {},
  "resources": [
    {
      "mode": "managed",
      "type": "azurerm_network_interface",
      "name": "mytfnic",
      "provider": "provider.azurerm",
      "instances": [
        {
          "schema_version": 0,
          "attributes": {
            "applied_dns_servers": [],
            "dns_servers": [],
            "enable_accelerated_networking": false,
            "enable_ip_forwarding": false,
            "id": "/subscriptions/90d589f2-e07d-4c1c-b36c-858379ebcdee/resourceGroups/mytfgroup/providers/Microsoft.Network/networkInterfaces/myNIC",
            "internal_dns_name_label": "",
            "ip_configuration": [
              {
                "name": "myNicConfiguration",
                "primary": true,
                "private_ip_address": "10.0.2.4",
                "private_ip_address_allocation": "Dynamic",
                "private_ip_address_version": "IPv4",
                "public_ip_address_id": "/subscriptions/90d589f2-e07d-4c1c-b36c-858379ebcdee/resourceGroups/mytfgroup/providers/Microsoft.Network/publicIPAddresses/myPublicIP",
                "subnet_id": "/subscriptions/90d589f2-e07d-4c1c-b36c-858379ebcdee/resourceGroups/mytfgroup/providers/Microsoft.Network/virtualNetworks/mytfvnet/subnets/mysubnet"
              }
            ],
            "location": "eastus",
            "mac_address": "",
            "name": "myNIC",
            "private_ip_address": "10.0.2.4",
            "private_ip_addresses": [
              "10.0.2.4"
            ],
            "resource_group_name": "mytfgroup",
            "tags": {
              "environment": "Terraform Demo"
            },
            "timeouts": null,
            "virtual_machine_id": ""
          },
          "private": "eyJlMmJmYjczMC1lY2FhLTExZTYtOGY4OC0zNDM2M2JjN2M0YzAiOnsiY3JlYXRlIjoxODAwMDAwMDAwMDAwLCJkZWxldGUiOjE4MDAwMDAwMDAwMDAsInJlYWQiOjMwMDAwMDAwMDAwMCwidXBkYXRlIjoxODAwMDAwMDAwMDAwfX0=",
          "dependencies": [
            "azurerm_public_ip.mytfpublicip",
            "azurerm_resource_group.mytfgroup",
            "azurerm_subnet.mytfsubnet"
          ]
        }
      ]
    },
    {
      "mode": "managed",
      "type": "azurerm_network_interface_security_group_association",
      "name": "example",
      "provider": "provider.azurerm",
      "instances": [
        {
          "schema_version": 0,
          "attributes": {
            "id": "/subscriptions/90d589f2-e07d-4c1c-b36c-858379ebcdee/resourceGroups/mytfgroup/providers/Microsoft.Network/networkInterfaces/myNIC|/subscriptions/90d589f2-e07d-4c1c-b36c-858379ebcdee/resourceGroups/mytfgroup/providers/Microsoft.Network/networkSecurityGroups/mytfnsgroup",
            "network_interface_id": "/subscriptions/90d589f2-e07d-4c1c-b36c-858379ebcdee/resourceGroups/mytfgroup/providers/Microsoft.Network/networkInterfaces/myNIC",
            "network_security_group_id": "/subscriptions/90d589f2-e07d-4c1c-b36c-858379ebcdee/resourceGroups/mytfgroup/providers/Microsoft.Network/networkSecurityGroups/mytfnsgroup",
            "timeouts": null
          },
          "private": "eyJlMmJmYjczMC1lY2FhLTExZTYtOGY4OC0zNDM2M2JjN2M0YzAiOnsiY3JlYXRlIjoxODAwMDAwMDAwMDAwLCJkZWxldGUiOjE4MDAwMDAwMDAwMDAsInJlYWQiOjMwMDAwMDAwMDAwMCwidXBkYXRlIjoxODAwMDAwMDAwMDAwfX0=",
          "dependencies": [
            "azurerm_network_interface.mytfnic",
            "azurerm_network_security_group.mytfnsg",
            "azurerm_public_ip.mytfpublicip",
            "azurerm_resource_group.mytfgroup",
            "azurerm_subnet.mytfsubnet"
          ]
        }
      ]
    },
    {
      "mode": "managed",
      "type": "azurerm_network_security_group",
      "name": "mytfnsg",
      "provider": "provider.azurerm",
      "instances": [
        {
          "schema_version": 0,
          "attributes": {
            "id": "/subscriptions/90d589f2-e07d-4c1c-b36c-858379ebcdee/resourceGroups/mytfgroup/providers/Microsoft.Network/networkSecurityGroups/mytfnsgroup",
            "location": "eastus",
            "name": "mytfnsgroup",
            "resource_group_name": "mytfgroup",
            "security_rule": [
              {
                "access": "Allow",
                "description": "",
                "destination_address_prefix": "*",
                "destination_address_prefixes": [],
                "destination_application_security_group_ids": [],
                "destination_port_range": "22",
                "destination_port_ranges": [],
                "direction": "Inbound",
                "name": "SSH",
                "priority": 1001,
                "protocol": "Tcp",
                "source_address_prefix": "*",
                "source_address_prefixes": [],
                "source_application_security_group_ids": [],
                "source_port_range": "*",
                "source_port_ranges": []
              }
            ],
            "tags": {
              "environment": "Terraform Demo"
            },
            "timeouts": null
          },
          "private": "eyJlMmJmYjczMC1lY2FhLTExZTYtOGY4OC0zNDM2M2JjN2M0YzAiOnsiY3JlYXRlIjoxODAwMDAwMDAwMDAwLCJkZWxldGUiOjE4MDAwMDAwMDAwMDAsInJlYWQiOjMwMDAwMDAwMDAwMCwidXBkYXRlIjoxODAwMDAwMDAwMDAwfX0=",
          "dependencies": [
            "azurerm_resource_group.mytfgroup"
          ]
        }
      ]
    },
    {
      "mode": "managed",
      "type": "azurerm_public_ip",
      "name": "mytfpublicip",
      "provider": "provider.azurerm",
      "instances": [
        {
          "schema_version": 0,
          "attributes": {
            "allocation_method": "Dynamic",
            "domain_name_label": null,
            "fqdn": null,
            "id": "/subscriptions/90d589f2-e07d-4c1c-b36c-858379ebcdee/resourceGroups/mytfgroup/providers/Microsoft.Network/publicIPAddresses/myPublicIP",
            "idle_timeout_in_minutes": 4,
            "ip_address": "",
            "ip_version": "IPv4",
            "location": "eastus",
            "name": "myPublicIP",
            "public_ip_prefix_id": null,
            "resource_group_name": "mytfgroup",
            "reverse_fqdn": null,
            "sku": "Basic",
            "tags": {
              "environment": "Terraform Demo"
            },
            "timeouts": null,
            "zones": []
          },
          "private": "eyJlMmJmYjczMC1lY2FhLTExZTYtOGY4OC0zNDM2M2JjN2M0YzAiOnsiY3JlYXRlIjoxODAwMDAwMDAwMDAwLCJkZWxldGUiOjE4MDAwMDAwMDAwMDAsInJlYWQiOjMwMDAwMDAwMDAwMCwidXBkYXRlIjoxODAwMDAwMDAwMDAwfX0=",
          "dependencies": [
            "azurerm_resource_group.mytfgroup"
          ]
        }
      ]
    },
    {
      "mode": "managed",
      "type": "azurerm_resource_group",
      "name": "mytfgroup",
      "provider": "provider.azurerm",
      "instances": [
        {
          "schema_version": 0,
          "attributes": {
            "id": "/subscriptions/90d589f2-e07d-4c1c-b36c-858379ebcdee/resourceGroups/mytfgroup",
            "location": "eastus",
            "name": "mytfgroup",
            "tags": {
              "environment": "Terraform Demo"
            },
            "timeouts": null
          },
          "private": "eyJlMmJmYjczMC1lY2FhLTExZTYtOGY4OC0zNDM2M2JjN2M0YzAiOnsiY3JlYXRlIjo1NDAwMDAwMDAwMDAwLCJkZWxldGUiOjU0MDAwMDAwMDAwMDAsInJlYWQiOjMwMDAwMDAwMDAwMCwidXBkYXRlIjo1NDAwMDAwMDAwMDAwfX0="
        }
      ]
    },
    {
      "mode": "managed",
      "type": "azurerm_storage_account",
      "name": "mytfstorageaccount",
      "provider": "provider.azurerm",
      "instances": [
        {
          "schema_version": 2,
          "attributes": {
            "access_tier": "Hot",
            "account_kind": "StorageV2",
            "account_replication_type": "LRS",
            "account_tier": "Standard",
            "blob_properties": [],
            "custom_domain": [],
            "enable_https_traffic_only": true,
            "id": "/subscriptions/90d589f2-e07d-4c1c-b36c-858379ebcdee/resourceGroups/mytfgroup/providers/Microsoft.Storage/storageAccounts/diag40d39df525829210",
            "identity": [],
            "is_hns_enabled": false,
            "location": "eastus",
            "name": "diag40d39df525829210",
            "network_rules": [
              {
                "bypass": [
                  "AzureServices"
                ],
                "default_action": "Allow",
                "ip_rules": [],
                "virtual_network_subnet_ids": []
              }
            ],
            "primary_access_key": "6pc5XHhe2UaZuUcaxe62uO8vVZqZzXh2wpAEM42RxTCJM0lLclVoXXZI+H8QFWfk0U8MLUpjERg+Rg6CI+K5yg==",
            "primary_blob_connection_string": "DefaultEndpointsProtocol=https;BlobEndpoint=https://diag40d39df525829210.blob.core.windows.net/;AccountName=diag40d39df525829210;AccountKey=6pc5XHhe2UaZuUcaxe62uO8vVZqZzXh2wpAEM42RxTCJM0lLclVoXXZI+H8QFWfk0U8MLUpjERg+Rg6CI+K5yg==",
            "primary_blob_endpoint": "https://diag40d39df525829210.blob.core.windows.net/",
            "primary_blob_host": "diag40d39df525829210.blob.core.windows.net",
            "primary_connection_string": "DefaultEndpointsProtocol=https;AccountName=diag40d39df525829210;AccountKey=6pc5XHhe2UaZuUcaxe62uO8vVZqZzXh2wpAEM42RxTCJM0lLclVoXXZI+H8QFWfk0U8MLUpjERg+Rg6CI+K5yg==;EndpointSuffix=core.windows.net",
            "primary_dfs_endpoint": "https://diag40d39df525829210.dfs.core.windows.net/",
            "primary_dfs_host": "diag40d39df525829210.dfs.core.windows.net",
            "primary_file_endpoint": "https://diag40d39df525829210.file.core.windows.net/",
            "primary_file_host": "diag40d39df525829210.file.core.windows.net",
            "primary_location": "eastus",
            "primary_queue_endpoint": "https://diag40d39df525829210.queue.core.windows.net/",
            "primary_queue_host": "diag40d39df525829210.queue.core.windows.net",
            "primary_table_endpoint": "https://diag40d39df525829210.table.core.windows.net/",
            "primary_table_host": "diag40d39df525829210.table.core.windows.net",
            "primary_web_endpoint": "https://diag40d39df525829210.z13.web.core.windows.net/",
            "primary_web_host": "diag40d39df525829210.z13.web.core.windows.net",
            "queue_properties": [
              {
                "cors_rule": [],
                "hour_metrics": [
                  {
                    "enabled": true,
                    "include_apis": true,
                    "retention_policy_days": 7,
                    "version": "1.0"
                  }
                ],
                "logging": [
                  {
                    "delete": false,
                    "read": false,
                    "retention_policy_days": 0,
                    "version": "1.0",
                    "write": false
                  }
                ],
                "minute_metrics": [
                  {
                    "enabled": false,
                    "include_apis": false,
                    "retention_policy_days": 0,
                    "version": "1.0"
                  }
                ]
              }
            ],
            "resource_group_name": "mytfgroup",
            "secondary_access_key": "P7vGY5qAfWVIBzKXVZiX69OsJ/7vfXsuar56mETCipOkbxLlLd3TZ+CqovyvpJF/Z/hEMEi5GbtQwXABqm6Kqw==",
            "secondary_blob_connection_string": "",
            "secondary_blob_endpoint": null,
            "secondary_blob_host": null,
            "secondary_connection_string": "DefaultEndpointsProtocol=https;AccountName=diag40d39df525829210;AccountKey=P7vGY5qAfWVIBzKXVZiX69OsJ/7vfXsuar56mETCipOkbxLlLd3TZ+CqovyvpJF/Z/hEMEi5GbtQwXABqm6Kqw==;EndpointSuffix=core.windows.net",
            "secondary_dfs_endpoint": null,
            "secondary_dfs_host": null,
            "secondary_file_endpoint": null,
            "secondary_file_host": null,
            "secondary_location": "",
            "secondary_queue_endpoint": null,
            "secondary_queue_host": null,
            "secondary_table_endpoint": null,
            "secondary_table_host": null,
            "secondary_web_endpoint": null,
            "secondary_web_host": null,
            "static_website": [],
            "tags": {
              "environment": "Terraform Demo"
            },
            "timeouts": null
          },
          "private": "eyJlMmJmYjczMC1lY2FhLTExZTYtOGY4OC0zNDM2M2JjN2M0YzAiOnsiY3JlYXRlIjozNjAwMDAwMDAwMDAwLCJkZWxldGUiOjM2MDAwMDAwMDAwMDAsInJlYWQiOjMwMDAwMDAwMDAwMCwidXBkYXRlIjozNjAwMDAwMDAwMDAwfSwic2NoZW1hX3ZlcnNpb24iOiIyIn0=",
          "dependencies": [
            "azurerm_resource_group.mytfgroup",
            "random_id.randomId"
          ]
        }
      ]
    },
    {
      "mode": "managed",
      "type": "azurerm_subnet",
      "name": "mytfsubnet",
      "provider": "provider.azurerm",
      "instances": [
        {
          "schema_version": 0,
          "attributes": {
            "address_prefix": "10.0.2.0/24",
            "delegation": [],
            "enforce_private_link_endpoint_network_policies": false,
            "enforce_private_link_service_network_policies": false,
            "id": "/subscriptions/90d589f2-e07d-4c1c-b36c-858379ebcdee/resourceGroups/mytfgroup/providers/Microsoft.Network/virtualNetworks/mytfvnet/subnets/mysubnet",
            "name": "mysubnet",
            "resource_group_name": "mytfgroup",
            "service_endpoints": [],
            "timeouts": null,
            "virtual_network_name": "mytfvnet"
          },
          "private": "eyJlMmJmYjczMC1lY2FhLTExZTYtOGY4OC0zNDM2M2JjN2M0YzAiOnsiY3JlYXRlIjoxODAwMDAwMDAwMDAwLCJkZWxldGUiOjE4MDAwMDAwMDAwMDAsInJlYWQiOjMwMDAwMDAwMDAwMCwidXBkYXRlIjoxODAwMDAwMDAwMDAwfX0=",
          "dependencies": [
            "azurerm_resource_group.mytfgroup",
            "azurerm_virtual_network.mytfnetwork"
          ]
        }
      ]
    },
    {
      "mode": "managed",
      "type": "azurerm_virtual_network",
      "name": "mytfnetwork",
      "provider": "provider.azurerm",
      "instances": [
        {
          "schema_version": 0,
          "attributes": {
            "address_space": [
              "10.0.0.0/16"
            ],
            "ddos_protection_plan": [],
            "dns_servers": [],
            "id": "/subscriptions/90d589f2-e07d-4c1c-b36c-858379ebcdee/resourceGroups/mytfgroup/providers/Microsoft.Network/virtualNetworks/mytfvnet",
            "location": "eastus",
            "name": "mytfvnet",
            "resource_group_name": "mytfgroup",
            "subnet": [
              {
                "address_prefix": "10.0.2.0/24",
                "id": "/subscriptions/90d589f2-e07d-4c1c-b36c-858379ebcdee/resourceGroups/mytfgroup/providers/Microsoft.Network/virtualNetworks/mytfvnet/subnets/mysubnet",
                "name": "mysubnet",
                "security_group": ""
              }
            ],
            "tags": {
              "environment": "Terraform Demo"
            },
            "timeouts": null
          },
          "private": "eyJlMmJmYjczMC1lY2FhLTExZTYtOGY4OC0zNDM2M2JjN2M0YzAiOnsiY3JlYXRlIjoxODAwMDAwMDAwMDAwLCJkZWxldGUiOjE4MDAwMDAwMDAwMDAsInJlYWQiOjMwMDAwMDAwMDAwMCwidXBkYXRlIjoxODAwMDAwMDAwMDAwfX0=",
          "dependencies": [
            "azurerm_resource_group.mytfgroup"
          ]
        }
      ]
    },
    {
      "mode": "managed",
      "type": "random_id",
      "name": "randomId",
      "provider": "provider.random",
      "instances": [
        {
          "schema_version": 0,
          "attributes": {
            "b64": "QNOd9SWCkhA",
            "b64_std": "QNOd9SWCkhA=",
            "b64_url": "QNOd9SWCkhA",
            "byte_length": 8,
            "dec": "4671250914735198736",
            "hex": "40d39df525829210",
            "id": "QNOd9SWCkhA",
            "keepers": {
              "resource_group": "mytfgroup"
            },
            "prefix": null
          },
          "private": "bnVsbA==",
          "dependencies": [
            "azurerm_resource_group.mytfgroup"
          ]
        }
      ]
    }
  ]
}
