{
  "version": 4,
  "terraform_version": "0.12.28",
  "serial": 22,
  "lineage": "f8f0dd29-9542-b9d5-f4c9-28bdcbf5e1e4",
  "outputs": {
    "tls_private_key": {
      "value": "tls_private_key.example_ssh.private_key_pem",
      "type": "string"
    }
  },
  "resources": [
    {
      "mode": "managed",
      "type": "azurerm_linux_virtual_machine",
      "name": "mynewtfvm",
      "provider": "provider.azurerm",
      "instances": [
        {
          "schema_version": 0,
          "attributes": {
            "additional_capabilities": [],
            "admin_password": null,
            "admin_ssh_key": [
              {
                "public_key": "ssh-rsa AAAAB3NzaC1yc2EAAAADAQABAAACAQDmZi33d5AlGnSIL4PVBAHiWGP50rEox1UuM6lrTqRKjeEBQ6ON6w9qXtac7GKa8PeSWs3bDKpwd+6/vlCMqPyuDH/RR6HBGADN8tTkFr4W5F1Zt+vJ+Y+nrNwq2gCrAY4yHHZcIE6r4q1dBDjIydAC3TKEN0makTnxx+zyt+tvm5zD6+PsiNz0Uq57iAllyepZFpuNMyItuNF98UKRFh6UmOFuUrR9deMQMSmfDimDK03kcgZzm0S+Op2vgIIJqgC3D8gEbayBuLDslFiw4C7zA/5v8EOe2tMeeAR9tXoVqbQ/7Mgjd0gPZd2t0PU6x6vVgjxeBpIo/+OodKbHmRZVo1mx5cEDxA9mniM7+lsQIUHq7Gttp7Xn+AFERXb/vN5bt8MFyMjX3ojQzeGtN7KhNrToGnZY7PGFC5jooH3LXYCutWaZsBOCHkZ0XITb5n6fj6ybbmdkZ4wGADHpkDWAAZd35p3tq7tjNDBby+qweRLj2VGYQXXI2viNPlIYLnq1KrT1/Sz42mtqE57ShJXSa/IzHa4GIKadhFl8zUmcmF7qQn/rKUTPrDOPh3tquuRHTRKgW5uOhscCM37TxTrfNUgCUYRurV1GDAueZjSHZ9w3MhoI2ZV1KQDV5O36AFdkjYplhL3jaEIuMUVgPVYO2GhvP4H39YlipX+8aebHEw==\n",
                "username": "azureuser"
              }
            ],
            "admin_username": "azureuser",
            "allow_extension_operations": true,
            "availability_set_id": "",
            "boot_diagnostics": [
              {
                "storage_account_uri": "https://diag40d39df525829210.blob.core.windows.net/"
              }
            ],
            "computer_name": "mynewtfvm",
            "custom_data": null,
            "dedicated_host_id": "",
            "disable_password_authentication": true,
            "eviction_policy": "",
            "id": "/subscriptions/90d589f2-e07d-4c1c-b36c-858379ebcdee/resourceGroups/mytfgroup/providers/Microsoft.Compute/virtualMachines/mytfVM",
            "identity": [],
            "location": "eastus",
            "max_bid_price": -1,
            "name": "mytfVM",
            "network_interface_ids": [
              "/subscriptions/90d589f2-e07d-4c1c-b36c-858379ebcdee/resourceGroups/mytfgroup/providers/Microsoft.Network/networkInterfaces/myNIC"
            ],
            "os_disk": [
              {
                "caching": "ReadWrite",
                "diff_disk_settings": [],
                "disk_encryption_set_id": "",
                "disk_size_gb": 30,
                "name": "myOsDisk",
                "storage_account_type": "Premium_LRS",
                "write_accelerator_enabled": false
              }
            ],
            "plan": [],
            "priority": "Regular",
            "private_ip_address": "10.0.2.4",
            "private_ip_addresses": [
              "10.0.2.4"
            ],
            "provision_vm_agent": true,
            "proximity_placement_group_id": "",
            "public_ip_address": "52.188.168.37",
            "public_ip_addresses": [
              "52.188.168.37"
            ],
            "resource_group_name": "mytfgroup",
            "secret": [],
            "size": "Standard_DS1_v2",
            "source_image_id": "",
            "source_image_reference": [
              {
                "offer": "UbuntuServer",
                "publisher": "Canonical",
                "sku": "16.04.0-LTS",
                "version": "latest"
              }
            ],
            "tags": {
              "environment": "Terraform Demo"
            },
            "timeouts": null,
            "virtual_machine_id": "e7a27edf-742e-4422-837d-d4ca522578f4",
            "zone": ""
          },
          "private": "eyJlMmJmYjczMC1lY2FhLTExZTYtOGY4OC0zNDM2M2JjN2M0YzAiOnsiY3JlYXRlIjoyNzAwMDAwMDAwMDAwLCJkZWxldGUiOjI3MDAwMDAwMDAwMDAsInJlYWQiOjMwMDAwMDAwMDAwMCwidXBkYXRlIjoyNzAwMDAwMDAwMDAwfX0=",
          "dependencies": [
            "azurerm_network_interface.mytfnic",
            "azurerm_resource_group.mytfgroup",
            "azurerm_storage_account.mytfstorageaccount",
            "tls_private_key.example_ssh"
          ]
        }
      ]
    },
    {
      "mode": "managed",
      "type": "azurerm_network_interface",
      "name": "mytfnic",
      "provider": "provider.azurerm",
      "instances": [
        {
          "schema_version": 0,
          "attributes": {
            "applied_dns_servers": [],
            "dns_servers": [],
            "enable_accelerated_networking": false,
            "enable_ip_forwarding": false,
            "id": "/subscriptions/90d589f2-e07d-4c1c-b36c-858379ebcdee/resourceGroups/mytfgroup/providers/Microsoft.Network/networkInterfaces/myNIC",
            "internal_dns_name_label": "",
            "ip_configuration": [
              {
                "name": "myNicConfiguration",
                "primary": true,
                "private_ip_address": "10.0.2.4",
                "private_ip_address_allocation": "Dynamic",
                "private_ip_address_version": "IPv4",
                "public_ip_address_id": "/subscriptions/90d589f2-e07d-4c1c-b36c-858379ebcdee/resourceGroups/mytfgroup/providers/Microsoft.Network/publicIPAddresses/myPublicIP",
                "subnet_id": "/subscriptions/90d589f2-e07d-4c1c-b36c-858379ebcdee/resourceGroups/mytfgroup/providers/Microsoft.Network/virtualNetworks/mytfvnet/subnets/mysubnet"
              }
            ],
            "location": "eastus",
            "mac_address": "",
            "name": "myNIC",
            "private_ip_address": "10.0.2.4",
            "private_ip_addresses": [
              "10.0.2.4"
            ],
            "resource_group_name": "mytfgroup",
            "tags": {
              "environment": "Terraform Demo"
            },
            "timeouts": null,
            "virtual_machine_id": ""
          },
          "private": "eyJlMmJmYjczMC1lY2FhLTExZTYtOGY4OC0zNDM2M2JjN2M0YzAiOnsiY3JlYXRlIjoxODAwMDAwMDAwMDAwLCJkZWxldGUiOjE4MDAwMDAwMDAwMDAsInJlYWQiOjMwMDAwMDAwMDAwMCwidXBkYXRlIjoxODAwMDAwMDAwMDAwfX0=",
          "dependencies": [
            "azurerm_public_ip.mytfpublicip",
            "azurerm_resource_group.mytfgroup",
            "azurerm_subnet.mytfsubnet"
          ]
        }
      ]
    },
    {
      "mode": "managed",
      "type": "azurerm_network_interface_security_group_association",
      "name": "example",
      "provider": "provider.azurerm",
      "instances": [
        {
          "schema_version": 0,
          "attributes": {
            "id": "/subscriptions/90d589f2-e07d-4c1c-b36c-858379ebcdee/resourceGroups/mytfgroup/providers/Microsoft.Network/networkInterfaces/myNIC|/subscriptions/90d589f2-e07d-4c1c-b36c-858379ebcdee/resourceGroups/mytfgroup/providers/Microsoft.Network/networkSecurityGroups/mytfnsgroup",
            "network_interface_id": "/subscriptions/90d589f2-e07d-4c1c-b36c-858379ebcdee/resourceGroups/mytfgroup/providers/Microsoft.Network/networkInterfaces/myNIC",
            "network_security_group_id": "/subscriptions/90d589f2-e07d-4c1c-b36c-858379ebcdee/resourceGroups/mytfgroup/providers/Microsoft.Network/networkSecurityGroups/mytfnsgroup",
            "timeouts": null
          },
          "private": "eyJlMmJmYjczMC1lY2FhLTExZTYtOGY4OC0zNDM2M2JjN2M0YzAiOnsiY3JlYXRlIjoxODAwMDAwMDAwMDAwLCJkZWxldGUiOjE4MDAwMDAwMDAwMDAsInJlYWQiOjMwMDAwMDAwMDAwMCwidXBkYXRlIjoxODAwMDAwMDAwMDAwfX0=",
          "dependencies": [
            "azurerm_network_interface.mytfnic",
            "azurerm_network_security_group.mytfnsg",
            "azurerm_public_ip.mytfpublicip",
            "azurerm_resource_group.mytfgroup",
            "azurerm_subnet.mytfsubnet"
          ]
        }
      ]
    },
    {
      "mode": "managed",
      "type": "azurerm_network_security_group",
      "name": "mytfnsg",
      "provider": "provider.azurerm",
      "instances": [
        {
          "schema_version": 0,
          "attributes": {
            "id": "/subscriptions/90d589f2-e07d-4c1c-b36c-858379ebcdee/resourceGroups/mytfgroup/providers/Microsoft.Network/networkSecurityGroups/mytfnsgroup",
            "location": "eastus",
            "name": "mytfnsgroup",
            "resource_group_name": "mytfgroup",
            "security_rule": [
              {
                "access": "Allow",
                "description": "",
                "destination_address_prefix": "*",
                "destination_address_prefixes": [],
                "destination_application_security_group_ids": [],
                "destination_port_range": "22",
                "destination_port_ranges": [],
                "direction": "Inbound",
                "name": "SSH",
                "priority": 1001,
                "protocol": "Tcp",
                "source_address_prefix": "*",
                "source_address_prefixes": [],
                "source_application_security_group_ids": [],
                "source_port_range": "*",
                "source_port_ranges": []
              }
            ],
            "tags": {
              "environment": "Terraform Demo"
            },
            "timeouts": null
          },
          "private": "eyJlMmJmYjczMC1lY2FhLTExZTYtOGY4OC0zNDM2M2JjN2M0YzAiOnsiY3JlYXRlIjoxODAwMDAwMDAwMDAwLCJkZWxldGUiOjE4MDAwMDAwMDAwMDAsInJlYWQiOjMwMDAwMDAwMDAwMCwidXBkYXRlIjoxODAwMDAwMDAwMDAwfX0=",
          "dependencies": [
            "azurerm_resource_group.mytfgroup"
          ]
        }
      ]
    },
    {
      "mode": "managed",
      "type": "azurerm_public_ip",
      "name": "mytfpublicip",
      "provider": "provider.azurerm",
      "instances": [
        {
          "schema_version": 0,
          "attributes": {
            "allocation_method": "Dynamic",
            "domain_name_label": null,
            "fqdn": null,
            "id": "/subscriptions/90d589f2-e07d-4c1c-b36c-858379ebcdee/resourceGroups/mytfgroup/providers/Microsoft.Network/publicIPAddresses/myPublicIP",
            "idle_timeout_in_minutes": 4,
            "ip_address": "",
            "ip_version": "IPv4",
            "location": "eastus",
            "name": "myPublicIP",
            "public_ip_prefix_id": null,
            "resource_group_name": "mytfgroup",
            "reverse_fqdn": null,
            "sku": "Basic",
            "tags": {
              "environment": "Terraform Demo"
            },
            "timeouts": null,
            "zones": []
          },
          "private": "eyJlMmJmYjczMC1lY2FhLTExZTYtOGY4OC0zNDM2M2JjN2M0YzAiOnsiY3JlYXRlIjoxODAwMDAwMDAwMDAwLCJkZWxldGUiOjE4MDAwMDAwMDAwMDAsInJlYWQiOjMwMDAwMDAwMDAwMCwidXBkYXRlIjoxODAwMDAwMDAwMDAwfX0=",
          "dependencies": [
            "azurerm_resource_group.mytfgroup"
          ]
        }
      ]
    },
    {
      "mode": "managed",
      "type": "azurerm_resource_group",
      "name": "mytfgroup",
      "provider": "provider.azurerm",
      "instances": [
        {
          "schema_version": 0,
          "attributes": {
            "id": "/subscriptions/90d589f2-e07d-4c1c-b36c-858379ebcdee/resourceGroups/mytfgroup",
            "location": "eastus",
            "name": "mytfgroup",
            "tags": {
              "environment": "Terraform Demo"
            },
            "timeouts": null
          },
          "private": "eyJlMmJmYjczMC1lY2FhLTExZTYtOGY4OC0zNDM2M2JjN2M0YzAiOnsiY3JlYXRlIjo1NDAwMDAwMDAwMDAwLCJkZWxldGUiOjU0MDAwMDAwMDAwMDAsInJlYWQiOjMwMDAwMDAwMDAwMCwidXBkYXRlIjo1NDAwMDAwMDAwMDAwfX0="
        }
      ]
    },
    {
      "mode": "managed",
      "type": "azurerm_storage_account",
      "name": "mytfstorageaccount",
      "provider": "provider.azurerm",
      "instances": [
        {
          "schema_version": 2,
          "attributes": {
            "access_tier": "Hot",
            "account_kind": "StorageV2",
            "account_replication_type": "LRS",
            "account_tier": "Standard",
            "blob_properties": [],
            "custom_domain": [],
            "enable_https_traffic_only": true,
            "id": "/subscriptions/90d589f2-e07d-4c1c-b36c-858379ebcdee/resourceGroups/mytfgroup/providers/Microsoft.Storage/storageAccounts/diag40d39df525829210",
            "identity": [],
            "is_hns_enabled": false,
            "location": "eastus",
            "name": "diag40d39df525829210",
            "network_rules": [
              {
                "bypass": [
                  "AzureServices"
                ],
                "default_action": "Allow",
                "ip_rules": [],
                "virtual_network_subnet_ids": []
              }
            ],
            "primary_access_key": "6pc5XHhe2UaZuUcaxe62uO8vVZqZzXh2wpAEM42RxTCJM0lLclVoXXZI+H8QFWfk0U8MLUpjERg+Rg6CI+K5yg==",
            "primary_blob_connection_string": "DefaultEndpointsProtocol=https;BlobEndpoint=https://diag40d39df525829210.blob.core.windows.net/;AccountName=diag40d39df525829210;AccountKey=6pc5XHhe2UaZuUcaxe62uO8vVZqZzXh2wpAEM42RxTCJM0lLclVoXXZI+H8QFWfk0U8MLUpjERg+Rg6CI+K5yg==",
            "primary_blob_endpoint": "https://diag40d39df525829210.blob.core.windows.net/",
            "primary_blob_host": "diag40d39df525829210.blob.core.windows.net",
            "primary_connection_string": "DefaultEndpointsProtocol=https;AccountName=diag40d39df525829210;AccountKey=6pc5XHhe2UaZuUcaxe62uO8vVZqZzXh2wpAEM42RxTCJM0lLclVoXXZI+H8QFWfk0U8MLUpjERg+Rg6CI+K5yg==;EndpointSuffix=core.windows.net",
            "primary_dfs_endpoint": "https://diag40d39df525829210.dfs.core.windows.net/",
            "primary_dfs_host": "diag40d39df525829210.dfs.core.windows.net",
            "primary_file_endpoint": "https://diag40d39df525829210.file.core.windows.net/",
            "primary_file_host": "diag40d39df525829210.file.core.windows.net",
            "primary_location": "eastus",
            "primary_queue_endpoint": "https://diag40d39df525829210.queue.core.windows.net/",
            "primary_queue_host": "diag40d39df525829210.queue.core.windows.net",
            "primary_table_endpoint": "https://diag40d39df525829210.table.core.windows.net/",
            "primary_table_host": "diag40d39df525829210.table.core.windows.net",
            "primary_web_endpoint": "https://diag40d39df525829210.z13.web.core.windows.net/",
            "primary_web_host": "diag40d39df525829210.z13.web.core.windows.net",
            "queue_properties": [
              {
                "cors_rule": [],
                "hour_metrics": [
                  {
                    "enabled": true,
                    "include_apis": true,
                    "retention_policy_days": 7,
                    "version": "1.0"
                  }
                ],
                "logging": [
                  {
                    "delete": false,
                    "read": false,
                    "retention_policy_days": 0,
                    "version": "1.0",
                    "write": false
                  }
                ],
                "minute_metrics": [
                  {
                    "enabled": false,
                    "include_apis": false,
                    "retention_policy_days": 0,
                    "version": "1.0"
                  }
                ]
              }
            ],
            "resource_group_name": "mytfgroup",
            "secondary_access_key": "P7vGY5qAfWVIBzKXVZiX69OsJ/7vfXsuar56mETCipOkbxLlLd3TZ+CqovyvpJF/Z/hEMEi5GbtQwXABqm6Kqw==",
            "secondary_blob_connection_string": "",
            "secondary_blob_endpoint": null,
            "secondary_blob_host": null,
            "secondary_connection_string": "DefaultEndpointsProtocol=https;AccountName=diag40d39df525829210;AccountKey=P7vGY5qAfWVIBzKXVZiX69OsJ/7vfXsuar56mETCipOkbxLlLd3TZ+CqovyvpJF/Z/hEMEi5GbtQwXABqm6Kqw==;EndpointSuffix=core.windows.net",
            "secondary_dfs_endpoint": null,
            "secondary_dfs_host": null,
            "secondary_file_endpoint": null,
            "secondary_file_host": null,
            "secondary_location": "",
            "secondary_queue_endpoint": null,
            "secondary_queue_host": null,
            "secondary_table_endpoint": null,
            "secondary_table_host": null,
            "secondary_web_endpoint": null,
            "secondary_web_host": null,
            "static_website": [],
            "tags": {
              "environment": "Terraform Demo"
            },
            "timeouts": null
          },
          "private": "eyJlMmJmYjczMC1lY2FhLTExZTYtOGY4OC0zNDM2M2JjN2M0YzAiOnsiY3JlYXRlIjozNjAwMDAwMDAwMDAwLCJkZWxldGUiOjM2MDAwMDAwMDAwMDAsInJlYWQiOjMwMDAwMDAwMDAwMCwidXBkYXRlIjozNjAwMDAwMDAwMDAwfSwic2NoZW1hX3ZlcnNpb24iOiIyIn0=",
          "dependencies": [
            "azurerm_resource_group.mytfgroup",
            "random_id.randomId"
          ]
        }
      ]
    },
    {
      "mode": "managed",
      "type": "azurerm_subnet",
      "name": "mytfsubnet",
      "provider": "provider.azurerm",
      "instances": [
        {
          "schema_version": 0,
          "attributes": {
            "address_prefix": "10.0.2.0/24",
            "delegation": [],
            "enforce_private_link_endpoint_network_policies": false,
            "enforce_private_link_service_network_policies": false,
            "id": "/subscriptions/90d589f2-e07d-4c1c-b36c-858379ebcdee/resourceGroups/mytfgroup/providers/Microsoft.Network/virtualNetworks/mytfvnet/subnets/mysubnet",
            "name": "mysubnet",
            "resource_group_name": "mytfgroup",
            "service_endpoints": [],
            "timeouts": null,
            "virtual_network_name": "mytfvnet"
          },
          "private": "eyJlMmJmYjczMC1lY2FhLTExZTYtOGY4OC0zNDM2M2JjN2M0YzAiOnsiY3JlYXRlIjoxODAwMDAwMDAwMDAwLCJkZWxldGUiOjE4MDAwMDAwMDAwMDAsInJlYWQiOjMwMDAwMDAwMDAwMCwidXBkYXRlIjoxODAwMDAwMDAwMDAwfX0=",
          "dependencies": [
            "azurerm_resource_group.mytfgroup",
            "azurerm_virtual_network.mytfnetwork"
          ]
        }
      ]
    },
    {
      "mode": "managed",
      "type": "azurerm_virtual_network",
      "name": "mytfnetwork",
      "provider": "provider.azurerm",
      "instances": [
        {
          "schema_version": 0,
          "attributes": {
            "address_space": [
              "10.0.0.0/16"
            ],
            "ddos_protection_plan": [],
            "dns_servers": [],
            "id": "/subscriptions/90d589f2-e07d-4c1c-b36c-858379ebcdee/resourceGroups/mytfgroup/providers/Microsoft.Network/virtualNetworks/mytfvnet",
            "location": "eastus",
            "name": "mytfvnet",
            "resource_group_name": "mytfgroup",
            "subnet": [
              {
                "address_prefix": "10.0.2.0/24",
                "id": "/subscriptions/90d589f2-e07d-4c1c-b36c-858379ebcdee/resourceGroups/mytfgroup/providers/Microsoft.Network/virtualNetworks/mytfvnet/subnets/mysubnet",
                "name": "mysubnet",
                "security_group": ""
              }
            ],
            "tags": {
              "environment": "Terraform Demo"
            },
            "timeouts": null
          },
          "private": "eyJlMmJmYjczMC1lY2FhLTExZTYtOGY4OC0zNDM2M2JjN2M0YzAiOnsiY3JlYXRlIjoxODAwMDAwMDAwMDAwLCJkZWxldGUiOjE4MDAwMDAwMDAwMDAsInJlYWQiOjMwMDAwMDAwMDAwMCwidXBkYXRlIjoxODAwMDAwMDAwMDAwfX0=",
          "dependencies": [
            "azurerm_resource_group.mytfgroup"
          ]
        }
      ]
    },
    {
      "mode": "managed",
      "type": "random_id",
      "name": "randomId",
      "provider": "provider.random",
      "instances": [
        {
          "schema_version": 0,
          "attributes": {
            "b64": "QNOd9SWCkhA",
            "b64_std": "QNOd9SWCkhA=",
            "b64_url": "QNOd9SWCkhA",
            "byte_length": 8,
            "dec": "4671250914735198736",
            "hex": "40d39df525829210",
            "id": "QNOd9SWCkhA",
            "keepers": {
              "resource_group": "mytfgroup"
            },
            "prefix": null
          },
          "private": "bnVsbA==",
          "dependencies": [
            "azurerm_resource_group.mytfgroup"
          ]
        }
      ]
    },
    {
      "mode": "managed",
      "type": "tls_private_key",
      "name": "example_ssh",
      "provider": "provider.tls",
      "instances": [
        {
          "schema_version": 0,
          "attributes": {
            "algorithm": "RSA",
            "ecdsa_curve": "P224",
            "id": "9f16a966142991b9fa3f3c07a5105d6426b77106",
            "private_key_pem": "-----BEGIN RSA PRIVATE KEY-----\nMIIJKQIBAAKCAgEA5mYt93eQJRp0iC+D1QQB4lhj+dKxKMdVLjOpa06kSo3hAUOj\njesPal7WnOximvD3klrN2wyqcHfuv75QjKj8rgx/0UehwRgAzfLU5Ba+FuRdWbfr\nyfmPp6zcKtoAqwGOMhx2XCBOq+KtXQQ4yMnQAt0yhDdJmpE58cfs8rfrb5ucw+vj\n7Ijc9FKue4gJZcnqWRabjTMiLbjRffFCkRYelJjhblK0fXXjEDEpnw4pgytN5HIG\nc5tEvjqdr4CCCaoAtw/IBG2sgbiw7JRYsOAu8wP+b/BDntrTHngEfbV6Fam0P+zI\nI3dID2XdrdD1Oser1YI8XgaSKP/jqHSmx5kWVaNZseXBA8QPZp4jO/pbECFB6uxr\nbae15/gBREV2/7zeW7fDBcjI196I0M3hrTeyoTa06Bp2WOzxhQuY6KB9y12ArrVm\nmbATgh5GdFyE2+Z+n4+sm25nZGeMBgAx6ZA1gAGXd+ad7au7YzQwW8vqsHkS49lR\nmEF1yNr4jT5SGC56tSq09f0s+NprahOe0oSV0mvyMx2uBiCmnYRZfM1JnJhe6kJ/\n6ylEz6wzj4d7arrkR00SoFubjobHAjN+08U63zVIAlGEbq1dRgwLnmY0h2fcNzIa\nCNmVdSkA1eTt+gBXZI2KZYS942hCLjFFYD1WDthobz+B9/WJYqV/vGnmxxMCAwEA\nAQKCAgEA4e5NISDD3z6EC4/cjSSy3EylLTQoub5Oj1Hlzu59OQbMIDs9xUs+AKcj\neRpsz1eAzqnwt99Bu6xAGRL9VhHYRqzHImhF/F4XW93GWizbFwO1budmdtccweZG\nuFay1P5ffFBg2JJt0ywjqNUdAfi03Dog8Xpt2P6Ufb35Y0JrwzQrlAxbo3XKhmQV\n6dlKreBEyDvdKad82q0j8YaGKlQwhLMuTMsZZvYVRamQEQMIPjJW3a/bF76ouIou\nWw1/dw6YSOtWztDlmweLp1MJbdlI8NF3zjkjdkFLSdOTQ9qT725M7Wq6D91GcqMH\nsQz5jTyECoj9vY5gAYh8rJJHge9i75a6qf3TNVT+OZPyqXbtE49iCHepfCs/V6QU\nRLC4JTgXb9+potWyAtzLhPbgg1MOttWm7r5uYL8tJuhxjoH3Yg1jL/Q2rDENNuLO\nIG6MGEA8ggltUDF2Fa0pxmPaqvRhxYr/oAgJYHmWdlOzL0m1cTRh9XYC7daQMEOH\nqWAsDMKVU8UB5FAAoq6Dvie2bwgR1Rg59dOe9Su5CM3U+R5YUMkOU0bJMXSv4yHS\n5OxBEUdOJ2I71wyb3H0YcJave7Ezvgt73Hq1CE23VYkN44yGskuqbWF9cDDuw7GQ\nDZAzZFlOm/uLlUA6Lu5Ud9rDBNSOS8PM6Hjiue6ZlPGyhoOXAVECggEBAOexycRa\nRwUlBqQGYJ2J8BdSbM4QjWPMmKUwDLFOBWbnzRZwUIRPZ5V7HZBB6/RlI3k8dOco\nSTm4iilyc1U0KIE1nueesTVheK4hK/2QIvDXjkbuL4PavBgSAFyB8XKoYXf2OAar\nKJn8v9OAwzK5O6Oll4lO73CwaYoVqgVyfyv1y5etx4mHdNVM+nD1XKcYKQ6NsTJo\n+2MuiIqpYpKklVzrWvvS7Zrm7Ig0NHpIXyWH4Y23kGAWVxjMnd18HL6r5D+1OzDO\nX+PK6bnCzGg/fe355VypOgGOpEbD7jXC81bmajVUGvhsnvn+PifVkJKBoUfj56tW\n6/PQt/wdmiSeHy8CggEBAP6RmsUhy5JDTI2UL/DQy+wuScsTycWXILxGeolYfh15\nqxl1Lcb8C6kNkNBwnzzv32mm3Q8ZUuUEGntP0YdVol0OnJK6Uq3SQ1+J4jV2WTpn\nYQ6OaBjT9uw4KVs/i5QOSWeE3ADUfFHf2DKPQSqN2krvFE4xQBnLnXV0YBJpXYjV\nJUDBXs2e7KL3E7UoogQD6jkXXSlWKuhetI5+i2zi1r2Dru6bnyYjeYppZmJFFYpi\ng2YQ4KxfqgmVabOAcmVoFLw4WImCcbmluSBLZi60oSHhAkjitDFxc0N3gUTWkye4\ne8o6WeSh9ZSUnhm5vtvelaEuhqXBF42td46Trdmc/V0CggEAXetdxLBrtZQquvay\n12mA35NT87wV9GyNO/jcTEs6OVqhcgUZPmkJrjh35XAze6A73vs40DMua614pBB2\n3AUGnknkHjPf1amrR7q+oEx7PXHDhNEshaB3OrKhXt51x2qmCADQ+TMMhE9GWzAI\n8FjR6iZH5SsQOHfqcEUT5J1jG6jJXLTe+8ri+0v3AS8U3c8XZYTeXXbc4HmOc9bx\n1EvPGBl3ijkYhAAzxYqT8zW/C/Gm5tGQPsMPj0fyfkO/SzNWlNScJ86gZDBuyhRC\n08dY/sybwxH+J39w7BakSzq5dXJ1fySWwjkVwHTlMTSLJDhT7lZeJMBZaT4kNpix\nUUKflQKCAQEAmdP+hDThwKZuMfdj6M8jCrsF2HNCr+Wc4GhuT2RsAP+uhpmqad2Q\nZj1OTsZfUwFYLY2pcyBIWR9bqTwYTwFONZFIx9lTcLnoAGlfihLT5Fjn61XeTXJ4\neVGOnBcQDw17CdTc5JuB7C+pgxPRuxcw26sQyBc2tt+1bG5AR5/n53F1K2YuFW59\nbBSFkijVjjuXY5xcrUfmcbgYvyp0sf146dgS8xiS2QcCwMLkHWnFlHPnFtwIB+Fe\n7J+e2ds6RVDZhss9pQpwElC0R3GIc5yu6bwAF272mBIIJrKmKKTJE22FUDRmcaP0\ntC4CQ2VckZw1KsrkjnDZ/MDfyAYxPZiB+QKCAQBaXvLaAyIRMStqzQJbZecCLYtB\nZ17Jd7hDdIYK7kR8kC7vvK95X/IcTbgmv+pkPZcTk9sJyQ/NZgjun6eje5LC8maE\nfAGE2LKVoc72kMV6KVUTILn0x4wnrK0lvm3zbKXC9YW2pF4jYg8lrg3Xc0oazbbo\niECWVEc4FDmo7POYTnrBiikPFQmmGuVJVzfRwLfbjP3eZPwhjQ0lrXl6MUvYwGL1\nFksa6Qw0PQmHxFXXQ0IDSsi3i1IUbjygbqeq+GDReJBTyMVrzrNERp/kuVo9cITG\nXtRXzbUerFoDgnfisRytZ7qu5lM4kuzNgiipohqdy3qUfP2SUDedP+azBn9s\n-----END RSA PRIVATE KEY-----\n",
            "public_key_fingerprint_md5": "ad:69:57:5c:4a:50:5e:d1:9e:8e:c9:a8:5a:f3:00:16",
            "public_key_openssh": "ssh-rsa AAAAB3NzaC1yc2EAAAADAQABAAACAQDmZi33d5AlGnSIL4PVBAHiWGP50rEox1UuM6lrTqRKjeEBQ6ON6w9qXtac7GKa8PeSWs3bDKpwd+6/vlCMqPyuDH/RR6HBGADN8tTkFr4W5F1Zt+vJ+Y+nrNwq2gCrAY4yHHZcIE6r4q1dBDjIydAC3TKEN0makTnxx+zyt+tvm5zD6+PsiNz0Uq57iAllyepZFpuNMyItuNF98UKRFh6UmOFuUrR9deMQMSmfDimDK03kcgZzm0S+Op2vgIIJqgC3D8gEbayBuLDslFiw4C7zA/5v8EOe2tMeeAR9tXoVqbQ/7Mgjd0gPZd2t0PU6x6vVgjxeBpIo/+OodKbHmRZVo1mx5cEDxA9mniM7+lsQIUHq7Gttp7Xn+AFERXb/vN5bt8MFyMjX3ojQzeGtN7KhNrToGnZY7PGFC5jooH3LXYCutWaZsBOCHkZ0XITb5n6fj6ybbmdkZ4wGADHpkDWAAZd35p3tq7tjNDBby+qweRLj2VGYQXXI2viNPlIYLnq1KrT1/Sz42mtqE57ShJXSa/IzHa4GIKadhFl8zUmcmF7qQn/rKUTPrDOPh3tquuRHTRKgW5uOhscCM37TxTrfNUgCUYRurV1GDAueZjSHZ9w3MhoI2ZV1KQDV5O36AFdkjYplhL3jaEIuMUVgPVYO2GhvP4H39YlipX+8aebHEw==\n",
            "public_key_pem": "-----BEGIN PUBLIC KEY-----\nMIICIjANBgkqhkiG9w0BAQEFAAOCAg8AMIICCgKCAgEA5mYt93eQJRp0iC+D1QQB\n4lhj+dKxKMdVLjOpa06kSo3hAUOjjesPal7WnOximvD3klrN2wyqcHfuv75QjKj8\nrgx/0UehwRgAzfLU5Ba+FuRdWbfryfmPp6zcKtoAqwGOMhx2XCBOq+KtXQQ4yMnQ\nAt0yhDdJmpE58cfs8rfrb5ucw+vj7Ijc9FKue4gJZcnqWRabjTMiLbjRffFCkRYe\nlJjhblK0fXXjEDEpnw4pgytN5HIGc5tEvjqdr4CCCaoAtw/IBG2sgbiw7JRYsOAu\n8wP+b/BDntrTHngEfbV6Fam0P+zII3dID2XdrdD1Oser1YI8XgaSKP/jqHSmx5kW\nVaNZseXBA8QPZp4jO/pbECFB6uxrbae15/gBREV2/7zeW7fDBcjI196I0M3hrTey\noTa06Bp2WOzxhQuY6KB9y12ArrVmmbATgh5GdFyE2+Z+n4+sm25nZGeMBgAx6ZA1\ngAGXd+ad7au7YzQwW8vqsHkS49lRmEF1yNr4jT5SGC56tSq09f0s+NprahOe0oSV\n0mvyMx2uBiCmnYRZfM1JnJhe6kJ/6ylEz6wzj4d7arrkR00SoFubjobHAjN+08U6\n3zVIAlGEbq1dRgwLnmY0h2fcNzIaCNmVdSkA1eTt+gBXZI2KZYS942hCLjFFYD1W\nDthobz+B9/WJYqV/vGnmxxMCAwEAAQ==\n-----END PUBLIC KEY-----\n",
            "rsa_bits": 4096
          },
          "private": "bnVsbA=="
        }
      ]
    }
  ]
}
